
Microsoft Visual Studio Solution File, Format Version 12.00
# Visual Studio Version 17
VisualStudioVersion = 17.10.34818.151
MinimumVisualStudioVersion = 10.0.40219.1
Project("{FAE04EC0-301F-11D3-BF4B-00C04F79EFBC}") = "QL_TraSua", "QL_TraSua.csproj", "{8C124A68-7B70-40EB-AA1D-82E9E13E8E5F}"
EndProject
Global
	GlobalSection(SolutionConfigurationPlatforms) = preSolution
		Debug|Any CPU = Debug|Any CPU
		Release|Any CPU = Release|Any CPU
	EndGlobalSection
	GlobalSection(ProjectConfigurationPlatforms) = postSolution
		{8C124A68-7B70-40EB-AA1D-82E9E13E8E5F}.Debug|Any CPU.ActiveCfg = Debug|Any CPU
		{8C124A68-7B70-40EB-AA1D-82E9E13E8E5F}.Debug|Any CPU.Build.0 = Debug|Any CPU
		{8C124A68-7B70-40EB-AA1D-82E9E13E8E5F}.Release|Any CPU.ActiveCfg = Release|Any CPU
		{8C124A68-7B70-40EB-AA1D-82E9E13E8E5F}.Release|Any CPU.Build.0 = Release|Any CPU
	EndGlobalSection
	GlobalSection(SolutionProperties) = preSolution
		HideSolutionNode = FALSE
	EndGlobalSection
	GlobalSection(ExtensibilityGlobals) = postSolution
		SolutionGuid = {042C65D2-1358-4DA8-9667-AB75B7697145}
	EndGlobalSection
EndGlobal
